// !$*UTF8*$!
{
	archiveVersion = 1;
	classes = {
	};
	objectVersion = 46;
	objects = {

/* Begin PBXBuildFile section */
		32D49C181B806C610041988D /* main.m in Sources */ = {isa = PBXBuildFile; fileRef = 32D49C171B806C610041988D /* main.m */; };
		32D49C1B1B806C610041988D /* AppDelegate.m in Sources */ = {isa = PBXBuildFile; fileRef = 32D49C1A1B806C610041988D /* AppDelegate.m */; };
		32D49C1E1B806C610041988D /* ViewController.m in Sources */ = {isa = PBXBuildFile; fileRef = 32D49C1D1B806C610041988D /* ViewController.m */; };
		32D49C211B806C610041988D /* Main.storyboard in Resources */ = {isa = PBXBuildFile; fileRef = 32D49C1F1B806C610041988D /* Main.storyboard */; };
		32D49C231B806C610041988D /* Images.xcassets in Resources */ = {isa = PBXBuildFile; fileRef = 32D49C221B806C610041988D /* Images.xcassets */; };
		32D49C261B806C610041988D /* LaunchScreen.xib in Resources */ = {isa = PBXBuildFile; fileRef = 32D49C241B806C610041988D /* LaunchScreen.xib */; };
		32D49C321B806C610041988D /* MemoryAndCommandDemoTests.m in Sources */ = {isa = PBXBuildFile; fileRef = 32D49C311B806C610041988D /* MemoryAndCommandDemoTests.m */; };
		32D49C3E1B806CA50041988D /* Album.m in Sources */ = {isa = PBXBuildFile; fileRef = 32D49C3D1B806CA50041988D /* Album.m */; };
		32D49C421B8072200041988D /* Album+TableRepresentation.m in Sources */ = {isa = PBXBuildFile; fileRef = 32D49C411B8072200041988D /* Album+TableRepresentation.m */; };
		32D49C461B8075340041988D /* AlbumView.m in Sources */ = {isa = PBXBuildFile; fileRef = 32D49C451B8075340041988D /* AlbumView.m */; };
		32D49C491B807CF90041988D /* HorizontalScroller.m in Sources */ = {isa = PBXBuildFile; fileRef = 32D49C481B807CF90041988D /* HorizontalScroller.m */; };
		32D49C4D1B808F970041988D /* HTTPClient.m in Sources */ = {isa = PBXBuildFile; fileRef = 32D49C4C1B808F970041988D /* HTTPClient.m */; };
		32D49C501B8090F60041988D /* PersistencyManager.m in Sources */ = {isa = PBXBuildFile; fileRef = 32D49C4F1B8090F60041988D /* PersistencyManager.m */; };
		32D49C531B8098B60041988D /* LibraryAPI.m in Sources */ = {isa = PBXBuildFile; fileRef = 32D49C521B8098B60041988D /* LibraryAPI.m */; };
/* End PBXBuildFile section */

/* Begin PBXContainerItemProxy section */
		32D49C2C1B806C610041988D /* PBXContainerItemProxy */ = {
			isa = PBXContainerItemProxy;
			containerPortal = 32D49C0A1B806C610041988D /* Project object */;
			proxyType = 1;
			remoteGlobalIDString = 32D49C111B806C610041988D;
			remoteInfo = MemoryAndCommandDemo;
		};
/* End PBXContainerItemProxy section */

/* Begin PBXFileReference section */
		32D49C121B806C610041988D /* MemoryAndCommandDemo.app */ = {isa = PBXFileReference; explicitFileType = wrapper.application; includeInIndex = 0; path = MemoryAndCommandDemo.app; sourceTree = BUILT_PRODUCTS_DIR; };
		32D49C161B806C610041988D /* Info.plist */ = {isa = PBXFileReference; lastKnownFileType = text.plist.xml; path = Info.plist; sourceTree = "<group>"; };
		32D49C171B806C610041988D /* main.m */ = {isa = PBXFileReference; lastKnownFileType = sourcecode.c.objc; path = main.m; sourceTree = "<group>"; };
		32D49C191B806C610041988D /* AppDelegate.h */ = {isa = PBXFileReference; lastKnownFileType = sourcecode.c.h; path = AppDelegate.h; sourceTree = "<group>"; };
		32D49C1A1B806C610041988D /* AppDelegate.m */ = {isa = PBXFileReference; lastKnownFileType = sourcecode.c.objc; path = AppDelegate.m; sourceTree = "<group>"; };
		32D49C1C1B806C610041988D /* ViewController.h */ = {isa = PBXFileReference; lastKnownFileType = sourcecode.c.h; path = ViewController.h; sourceTree = "<group>"; };
		32D49C1D1B806C610041988D /* ViewController.m */ = {isa = PBXFileReference; lastKnownFileType = sourcecode.c.objc; path = ViewController.m; sourceTree = "<group>"; };
		32D49C201B806C610041988D /* Base */ = {isa = PBXFileReference; lastKnownFileType = file.storyboard; name = Base; path = Base.lproj/Main.storyboard; sourceTree = "<group>"; };
		32D49C221B806C610041988D /* Images.xcassets */ = {isa = PBXFileReference; lastKnownFileType = folder.assetcatalog; path = Images.xcassets; sourceTree = "<group>"; };
		32D49C251B806C610041988D /* Base */ = {isa = PBXFileReference; lastKnownFileType = file.xib; name = Base; path = Base.lproj/LaunchScreen.xib; sourceTree = "<group>"; };
		32D49C2B1B806C610041988D /* MemoryAndCommandDemoTests.xctest */ = {isa = PBXFileReference; explicitFileType = wrapper.cfbundle; includeInIndex = 0; path = MemoryAndCommandDemoTests.xctest; sourceTree = BUILT_PRODUCTS_DIR; };
		32D49C301B806C610041988D /* Info.plist */ = {isa = PBXFileReference; lastKnownFileType = text.plist.xml; path = Info.plist; sourceTree = "<group>"; };
		32D49C311B806C610041988D /* MemoryAndCommandDemoTests.m */ = {isa = PBXFileReference; lastKnownFileType = sourcecode.c.objc; path = MemoryAndCommandDemoTests.m; sourceTree = "<group>"; };
		32D49C3C1B806CA50041988D /* Album.h */ = {isa = PBXFileReference; fileEncoding = 4; lastKnownFileType = sourcecode.c.h; path = Album.h; sourceTree = "<group>"; };
		32D49C3D1B806CA50041988D /* Album.m */ = {isa = PBXFileReference; fileEncoding = 4; lastKnownFileType = sourcecode.c.objc; path = Album.m; sourceTree = "<group>"; };
		32D49C401B8072200041988D /* Album+TableRepresentation.h */ = {isa = PBXFileReference; fileEncoding = 4; lastKnownFileType = sourcecode.c.h; path = "Album+TableRepresentation.h"; sourceTree = "<group>"; };
		32D49C411B8072200041988D /* Album+TableRepresentation.m */ = {isa = PBXFileReference; fileEncoding = 4; lastKnownFileType = sourcecode.c.objc; path = "Album+TableRepresentation.m"; sourceTree = "<group>"; };
		32D49C441B8075340041988D /* AlbumView.h */ = {isa = PBXFileReference; fileEncoding = 4; lastKnownFileType = sourcecode.c.h; path = AlbumView.h; sourceTree = "<group>"; };
		32D49C451B8075340041988D /* AlbumView.m */ = {isa = PBXFileReference; fileEncoding = 4; lastKnownFileType = sourcecode.c.objc; path = AlbumView.m; sourceTree = "<group>"; };
		32D49C471B807CF90041988D /* HorizontalScroller.h */ = {isa = PBXFileReference; fileEncoding = 4; lastKnownFileType = sourcecode.c.h; path = HorizontalScroller.h; sourceTree = "<group>"; };
		32D49C481B807CF90041988D /* HorizontalScroller.m */ = {isa = PBXFileReference; fileEncoding = 4; lastKnownFileType = sourcecode.c.objc; path = HorizontalScroller.m; sourceTree = "<group>"; };
		32D49C4B1B808F970041988D /* HTTPClient.h */ = {isa = PBXFileReference; fileEncoding = 4; lastKnownFileType = sourcecode.c.h; path = HTTPClient.h; sourceTree = "<group>"; };
		32D49C4C1B808F970041988D /* HTTPClient.m */ = {isa = PBXFileReference; fileEncoding = 4; lastKnownFileType = sourcecode.c.objc; path = HTTPClient.m; sourceTree = "<group>"; };
		32D49C4E1B8090F60041988D /* PersistencyManager.h */ = {isa = PBXFileReference; fileEncoding = 4; lastKnownFileType = sourcecode.c.h; path = PersistencyManager.h; sourceTree = "<group>"; };
		32D49C4F1B8090F60041988D /* PersistencyManager.m */ = {isa = PBXFileReference; fileEncoding = 4; lastKnownFileType = sourcecode.c.objc; path = PersistencyManager.m; sourceTree = "<group>"; };
		32D49C511B8098B60041988D /* LibraryAPI.h */ = {isa = PBXFileReference; fileEncoding = 4; lastKnownFileType = sourcecode.c.h; path = LibraryAPI.h; sourceTree = "<group>"; };
		32D49C521B8098B60041988D /* LibraryAPI.m */ = {isa = PBXFileReference; fileEncoding = 4; lastKnownFileType = sourcecode.c.objc; path = LibraryAPI.m; sourceTree = "<group>"; };
/* End PBXFileReference section */

/* Begin PBXFrameworksBuildPhase section */
		32D49C0F1B806C610041988D /* Frameworks */ = {
			isa = PBXFrameworksBuildPhase;
			buildActionMask = 2147483647;
			files = (
			);
			runOnlyForDeploymentPostprocessing = 0;
		};
		32D49C281B806C610041988D /* Frameworks */ = {
			isa = PBXFrameworksBuildPhase;
			buildActionMask = 2147483647;
			files = (
			);
			runOnlyForDeploymentPostprocessing = 0;
		};
/* End PBXFrameworksBuildPhase section */

/* Begin PBXGroup section */
		32D49C091B806C610041988D = {
			isa = PBXGroup;
			children = (
				32D49C141B806C610041988D /* MemoryAndCommandDemo */,
				32D49C2E1B806C610041988D /* MemoryAndCommandDemoTests */,
				32D49C131B806C610041988D /* Products */,
			);
			sourceTree = "<group>";
		};
		32D49C131B806C610041988D /* Products */ = {
			isa = PBXGroup;
			children = (
				32D49C121B806C610041988D /* MemoryAndCommandDemo.app */,
				32D49C2B1B806C610041988D /* MemoryAndCommandDemoTests.xctest */,
			);
			name = Products;
			sourceTree = "<group>";
		};
		32D49C141B806C610041988D /* MemoryAndCommandDemo */ = {
			isa = PBXGroup;
			children = (
				32D49C3F1B8071D20041988D /* Category */,
				32D49C3B1B806C850041988D /* Model */,
				32D49C431B80750F0041988D /* View */,
				32D49C4A1B808F440041988D /* API */,
				32D49C191B806C610041988D /* AppDelegate.h */,
				32D49C1A1B806C610041988D /* AppDelegate.m */,
				32D49C1C1B806C610041988D /* ViewController.h */,
				32D49C1D1B806C610041988D /* ViewController.m */,
				32D49C1F1B806C610041988D /* Main.storyboard */,
				32D49C221B806C610041988D /* Images.xcassets */,
				32D49C241B806C610041988D /* LaunchScreen.xib */,
				32D49C151B806C610041988D /* Supporting Files */,
			);
			path = MemoryAndCommandDemo;
			sourceTree = "<group>";
		};
		32D49C151B806C610041988D /* Supporting Files */ = {
			isa = PBXGroup;
			children = (
				32D49C161B806C610041988D /* Info.plist */,
				32D49C171B806C610041988D /* main.m */,
			);
			name = "Supporting Files";
			sourceTree = "<group>";
		};
		32D49C2E1B806C610041988D /* MemoryAndCommandDemoTests */ = {
			isa = PBXGroup;
			children = (
				32D49C311B806C610041988D /* MemoryAndCommandDemoTests.m */,
				32D49C2F1B806C610041988D /* Supporting Files */,
			);
			path = MemoryAndCommandDemoTests;
			sourceTree = "<group>";
		};
		32D49C2F1B806C610041988D /* Supporting Files */ = {
			isa = PBXGroup;
			children = (
				32D49C301B806C610041988D /* Info.plist */,
			);
			name = "Supporting Files";
			sourceTree = "<group>";
		};
		32D49C3B1B806C850041988D /* Model */ = {
			isa = PBXGroup;
			children = (
				32D49C3C1B806CA50041988D /* Album.h */,
				32D49C3D1B806CA50041988D /* Album.m */,
			);
			name = Model;
			sourceTree = "<group>";
		};
		32D49C3F1B8071D20041988D /* Category */ = {
			isa = PBXGroup;
			children = (
				32D49C401B8072200041988D /* Album+TableRepresentation.h */,
				32D49C411B8072200041988D /* Album+TableRepresentation.m */,
			);
			name = Category;
			sourceTree = "<group>";
		};
		32D49C431B80750F0041988D /* View */ = {
			isa = PBXGroup;
			children = (
				32D49C441B8075340041988D /* AlbumView.h */,
				32D49C451B8075340041988D /* AlbumView.m */,
				32D49C471B807CF90041988D /* HorizontalScroller.h */,
				32D49C481B807CF90041988D /* HorizontalScroller.m */,
			);
			name = View;
			sourceTree = "<group>";
		};
		32D49C4A1B808F440041988D /* API */ = {
			isa = PBXGroup;
			children = (
				32D49C4B1B808F970041988D /* HTTPClient.h */,
				32D49C4C1B808F970041988D /* HTTPClient.m */,
				32D49C4E1B8090F60041988D /* PersistencyManager.h */,
				32D49C4F1B8090F60041988D /* PersistencyManager.m */,
				32D49C511B8098B60041988D /* LibraryAPI.h */,
				32D49C521B8098B60041988D /* LibraryAPI.m */,
			);
			name = API;
			sourceTree = "<group>";
		};
/* End PBXGroup section */

/* Begin PBXNativeTarget section */
		32D49C111B806C610041988D /* MemoryAndCommandDemo */ = {
			isa = PBXNativeTarget;
			buildConfigurationList = 32D49C351B806C610041988D /* Build configuration list for PBXNativeTarget "MemoryAndCommandDemo" */;
			buildPhases = (
				32D49C0E1B806C610041988D /* Sources */,
				32D49C0F1B806C610041988D /* Frameworks */,
				32D49C101B806C610041988D /* Resources */,
			);
			buildRules = (
			);
			dependencies = (
			);
			name = MemoryAndCommandDemo;
			productName = MemoryAndCommandDemo;
			productReference = 32D49C121B806C610041988D /* MemoryAndCommandDemo.app */;
			productType = "com.apple.product-type.application";
		};
		32D49C2A1B806C610041988D /* MemoryAndCommandDemoTests */ = {
			isa = PBXNativeTarget;
			buildConfigurationList = 32D49C381B806C610041988D /* Build configuration list for PBXNativeTarget "MemoryAndCommandDemoTests" */;
			buildPhases = (
				32D49C271B806C610041988D /* Sources */,
				32D49C281B806C610041988D /* Frameworks */,
				32D49C291B806C610041988D /* Resources */,
			);
			buildRules = (
			);
			dependencies = (
				32D49C2D1B806C610041988D /* PBXTargetDependency */,
			);
			name = MemoryAndCommandDemoTests;
			productName = MemoryAndCommandDemoTests;
			productReference = 32D49C2B1B806C610041988D /* MemoryAndCommandDemoTests.xctest */;
			productType = "com.apple.product-type.bundle.unit-test";
		};
/* End PBXNativeTarget section */

/* Begin PBXProject section */
		32D49C0A1B806C610041988D /* Project object */ = {
			isa = PBXProject;
			attributes = {
				LastUpgradeCheck = 0640;
				ORGANIZATIONNAME = Bruce;
				TargetAttributes = {
					32D49C111B806C610041988D = {
						CreatedOnToolsVersion = 6.4;
					};
					32D49C2A1B806C610041988D = {
						CreatedOnToolsVersion = 6.4;
						TestTargetID = 32D49C111B806C610041988D;
					};
				};
			};
			buildConfigurationList = 32D49C0D1B806C610041988D /* Build configuration list for PBXProject "MemoryAndCommandDemo" */;
			compatibilityVersion = "Xcode 3.2";
			developmentRegion = English;
			hasScannedForEncodings = 0;
			knownRegions = (
				en,
				Base,
			);
			mainGroup = 32D49C091B806C610041988D;
			productRefGroup = 32D49C131B806C610041988D /* Products */;
			projectDirPath = "";
			projectRoot = "";
			targets = (
				32D49C111B806C610041988D /* MemoryAndCommandDemo */,
				32D49C2A1B806C610041988D /* MemoryAndCommandDemoTests */,
			);
		};
/* End PBXProject section */

/* Begin PBXResourcesBuildPhase section */
		32D49C101B806C610041988D /* Resources */ = {
			isa = PBXResourcesBuildPhase;
			buildActionMask = 2147483647;
			files = (
				32D49C211B806C610041988D /* Main.storyboard in Resources */,
				32D49C261B806C610041988D /* LaunchScreen.xib in Resources */,
				32D49C231B806C610041988D /* Images.xcassets in Resources */,
			);
			runOnlyForDeploymentPostprocessing = 0;
		};
		32D49C291B806C610041988D /* Resources */ = {
			isa = PBXResourcesBuildPhase;
			buildActionMask = 2147483647;
			files = (
			);
			runOnlyForDeploymentPostprocessing = 0;
		};
/* End PBXResourcesBuildPhase section */

/* Begin PBXSourcesBuildPhase section */
		32D49C0E1B806C610041988D /* Sources */ = {
			isa = PBXSourcesBuildPhase;
			buildActionMask = 2147483647;
			files = (
				32D49C1E1B806C610041988D /* ViewController.m in Sources */,
				32D49C1B1B806C610041988D /* AppDelegate.m in Sources */,
				32D49C501B8090F60041988D /* PersistencyManager.m in Sources */,
				32D49C491B807CF90041988D /* HorizontalScroller.m in Sources */,
				32D49C531B8098B60041988D /* LibraryAPI.m in Sources */,
				32D49C461B8075340041988D /* AlbumView.m in Sources */,
				32D49C181B806C610041988D /* main.m in Sources */,
				32D49C421B8072200041988D /* Album+TableRepresentation.m in Sources */,
				32D49C4D1B808F970041988D /* HTTPClient.m in Sources */,
				32D49C3E1B806CA50041988D /* Album.m in Sources */,
			);
			runOnlyForDeploymentPostprocessing = 0;
		};
		32D49C271B806C610041988D /* Sources */ = {
			isa = PBXSourcesBuildPhase;
			buildActionMask = 2147483647;
			files = (
				32D49C321B806C610041988D /* MemoryAndCommandDemoTests.m in Sources */,
			);
			runOnlyForDeploymentPostprocessing = 0;
		};
/* End PBXSourcesBuildPhase section */

/* Begin PBXTargetDependency section */
		32D49C2D1B806C610041988D /* PBXTargetDependency */ = {
			isa = PBXTargetDependency;
			target = 32D49C111B806C610041988D /* MemoryAndCommandDemo */;
			targetProxy = 32D49C2C1B806C610041988D /* PBXContainerItemProxy */;
		};
/* End PBXTargetDependency section */

/* Begin PBXVariantGroup section */
		32D49C1F1B806C610041988D /* Main.storyboard */ = {
			isa = PBXVariantGroup;
			children = (
				32D49C201B806C610041988D /* Base */,
			);
			name = Main.storyboard;
			sourceTree = "<group>";
		};
		32D49C241B806C610041988D /* LaunchScreen.xib */ = {
			isa = PBXVariantGroup;
			children = (
				32D49C251B806C610041988D /* Base */,
			);
			name = LaunchScreen.xib;
			sourceTree = "<group>";
		};
/* End PBXVariantGroup section */

/* Begin XCBuildConfiguration section */
		32D49C331B806C610041988D /* Debug */ = {
			isa = XCBuildConfiguration;
			buildSettings = {
				ALWAYS_SEARCH_USER_PATHS = NO;
				CLANG_CXX_LANGUAGE_STANDARD = "gnu++0x";
				CLANG_CXX_LIBRARY = "libc++";
				CLANG_ENABLE_MODULES = YES;
				CLANG_ENABLE_OBJC_ARC = YES;
				CLANG_WARN_BOOL_CONVERSION = YES;
				CLANG_WARN_CONSTANT_CONVERSION = YES;
				CLANG_WARN_DIRECT_OBJC_ISA_USAGE = YES_ERROR;
				CLANG_WARN_EMPTY_BODY = YES;
				CLANG_WARN_ENUM_CONVERSION = YES;
				CLANG_WARN_INT_CONVERSION = YES;
				CLANG_WARN_OBJC_ROOT_CLASS = YES_ERROR;
				CLANG_WARN_UNREACHABLE_CODE = YES;
				CLANG_WARN__DUPLICATE_METHOD_MATCH = YES;
				"CODE_SIGN_IDENTITY[sdk=iphoneos*]" = "iPhone Developer";
				COPY_PHASE_STRIP = NO;
				DEBUG_INFORMATION_FORMAT = "dwarf-with-dsym";
				ENABLE_STRICT_OBJC_MSGSEND = YES;
				GCC_C_LANGUAGE_STANDARD = gnu99;
				GCC_DYNAMIC_NO_PIC = NO;
				GCC_NO_COMMON_BLOCKS = YES;
				GCC_OPTIMIZATION_LEVEL = 0;
				GCC_PREPROCESSOR_DEFINITIONS = (
					"DEBUG=1",
					"$(inherited)",
				);
				GCC_SYMBOLS_PRIVATE_EXTERN = NO;
				GCC_WARN_64_TO_32_BIT_CONVERSION = YES;
				GCC_WARN_ABOUT_RETURN_TYPE = YES_ERROR;
				GCC_WARN_UNDECLARED_SELECTOR = YES;
				GCC_WARN_UNINITIALIZED_AUTOS = YES_AGGRESSIVE;
				GCC_WARN_UNUSED_FUNCTION = YES;
				GCC_WARN_UNUSED_VARIABLE = YES;
				IPHONEOS_DEPLOYMENT_TARGET = 8.4;
				MTL_ENABLE_DEBUG_INFO = YES;
				ONLY_ACTIVE_ARCH = YES;
				SDKROOT = iphoneos;
			};
			name = Debug;
		};
		32D49C341B806C610041988D /* Release */ = {
			isa = XCBuildConfiguration;
			buildSettings = {
				ALWAYS_SEARCH_USER_PATHS = NO;
				CLANG_CXX_LANGUAGE_STANDARD = "gnu++0x";
				CLANG_CXX_LIBRARY = "libc++";
				CLANG_ENABLE_MODULES = YES;
				CLANG_ENABLE_OBJC_ARC = YES;
				CLANG_WARN_BOOL_CONVERSION = YES;
				CLANG_WARN_CONSTANT_CONVERSION = YES;
				CLANG_WARN_DIRECT_OBJC_ISA_USAGE = YES_ERROR;
				CLANG_WARN_EMPTY_BODY = YES;
				CLANG_WARN_ENUM_CONVERSION = YES;
				CLANG_WARN_INT_CONVERSION = YES;
				CLANG_WARN_OBJC_ROOT_CLASS = YES_ERROR;
				CLANG_WARN_UNREACHABLE_CODE = YES;
				CLANG_WARN__DUPLICATE_METHOD_MATCH = YES;
				"CODE_SIGN_IDENTITY[sdk=iphoneos*]" = "iPhone Developer";
				COPY_PHASE_STRIP = NO;
				DEBUG_INFORMATION_FORMAT = "dwarf-with-dsym";
				ENABLE_NS_ASSERTIONS = NO;
				ENABLE_STRICT_OBJC_MSGSEND = YES;
				GCC_C_LANGUAGE_STANDARD = gnu99;
				GCC_NO_COMMON_BLOCKS = YES;
				GCC_WARN_64_TO_32_BIT_CONVERSION = YES;
				GCC_WARN_ABOUT_RETURN_TYPE = YES_ERROR;
				GCC_WARN_UNDECLARED_SELECTOR = YES;
				GCC_WARN_UNINITIALIZED_AUTOS = YES_AGGRESSIVE;
				GCC_WARN_UNUSED_FUNCTION = YES;
				GCC_WARN_UNUSED_VARIABLE = YES;
				IPHONEOS_DEPLOYMENT_TARGET = 8.4;
				MTL_ENABLE_DEBUG_INFO = NO;
				SDKROOT = iphoneos;
				VALIDATE_PRODUCT = YES;
			};
			name = Release;
		};
		32D49C361B806C610041988D /* Debug */ = {
			isa = XCBuildConfiguration;
			buildSettings = {
				ASSETCATALOG_COMPILER_APPICON_NAME = AppIcon;
				INFOPLIST_FILE = MemoryAndCommandDemo/Info.plist;
				LD_RUNPATH_SEARCH_PATHS = "$(inherited) @executable_path/Frameworks";
				PRODUCT_NAME = "$(TARGET_NAME)";
			};
			name = Debug;
		};
		32D49C371B806C610041988D /* Release */ = {
			isa = XCBuildConfiguration;
			buildSettings = {
				ASSETCATALOG_COMPILER_APPICON_NAME = AppIcon;
				INFOPLIST_FILE = MemoryAndCommandDemo/Info.plist;
				LD_RUNPATH_SEARCH_PATHS = "$(inherited) @executable_path/Frameworks";
				PRODUCT_NAME = "$(TARGET_NAME)";
			};
			name = Release;
		};
		32D49C391B806C610041988D /* Debug */ = {
			isa = XCBuildConfiguration;
			buildSettings = {
				BUNDLE_LOADER = "$(TEST_HOST)";
				FRAMEWORK_SEARCH_PATHS = (
					"$(SDKROOT)/Developer/Library/Frameworks",
					"$(inherited)",
				);
				GCC_PREPROCESSOR_DEFINITIONS = (
					"DEBUG=1",
					"$(inherited)",
				);
				INFOPLIST_FILE = MemoryAndCommandDemoTests/Info.plist;
				LD_RUNPATH_SEARCH_PATHS = "$(inherited) @executable_path/Frameworks @loader_path/Frameworks";
				PRODUCT_NAME = "$(TARGET_NAME)";
				TEST_HOST = "$(BUILT_PRODUCTS_DIR)/MemoryAndCommandDemo.app/MemoryAndCommandDemo";
			};
			name = Debug;
		};
		32D49C3A1B806C610041988D /* Release */ = {
			isa = XCBuildConfiguration;
			buildSettings = {
				BUNDLE_LOADER = "$(TEST_HOST)";
				FRAMEWORK_SEARCH_PATHS = (
					"$(SDKROOT)/Developer/Library/Frameworks",
					"$(inherited)",
				);
				INFOPLIST_FILE = MemoryAndCommandDemoTests/Info.plist;
				LD_RUNPATH_SEARCH_PATHS = "$(inherited) @executable_path/Frameworks @loader_path/Frameworks";
				PRODUCT_NAME = "$(TARGET_NAME)";
				TEST_HOST = "$(BUILT_PRODUCTS_DIR)/MemoryAndCommandDemo.app/MemoryAndCommandDemo";
			};
			name = Release;
		};
/* End XCBuildConfiguration section */

/* Begin XCConfigurationList section */
		32D49C0D1B806C610041988D /* Build configuration list for PBXProject "MemoryAndCommandDemo" */ = {
			isa = XCConfigurationList;
			buildConfigurations = (
				32D49C331B806C610041988D /* Debug */,
				32D49C341B806C610041988D /* Release */,
			);
			defaultConfigurationIsVisible = 0;
			defaultConfigurationName = Release;
		};
		32D49C351B806C610041988D /* Build configuration list for PBXNativeTarget "MemoryAndCommandDemo" */ = {
			isa = XCConfigurationList;
			buildConfigurations = (
				32D49C361B806C610041988D /* Debug */,
				32D49C371B806C610041988D /* Release */,
			);
			defaultConfigurationIsVisible = 0;
		};
		32D49C381B806C610041988D /* Build configuration list for PBXNativeTarget "MemoryAndCommandDemoTests" */ = {
			isa = XCConfigurationList;
			buildConfigurations = (
				32D49C391B806C610041988D /* Debug */,
				32D49C3A1B806C610041988D /* Release */,
			);
			defaultConfigurationIsVisible = 0;
		};
/* End XCConfigurationList section */
	};
	rootObject = 32D49C0A1B806C610041988D /* Project object */;
}
